github.com/abarbarov/nabu/api v0.0.0-20180815154938-3e7866efd6ac/go.mod h1:v6EpuCCIYfg0g6d5p16MIvlHLaw2BH0jWIodGXa71ZI=
github.com/davecgh/go-spew v1.1.0 h1:55G8lybFUI0+OOFPBRWUQ5LmI3YjB9jvrHFEdStp8B8=
github.com/davecgh/go-spew v1.1.0/go.mod h1:J7Y8YcW2NihsgmVo/mv3lAwl/skON4iLHjSsI+c5H38=
github.com/go-chi/chi v0.0.0-20171222161133-e83ac2304db3 h1:DURPveqgvcsh5cJyNeaF6ZzJTErJ10BFLNmRgQTBTKU=
github.com/go-chi/chi v0.0.0-20171222161133-e83ac2304db3/go.mod h1:eB3wogJHnLi3x/kFX2A+IbTBlXxmMeXJVKy9tTv1XzQ=
github.com/go-chi/cors v1.0.0/go.mod h1:K2Yje0VW/SJzxiyMYu6iPQYa7hMjQX2i/F491VChg1I=
github.com/jessevdk/go-flags v1.4.0 h1:PUAES6uEkBs9vRwv0J1OyNCSXz+KVLXq5hDmojZWRAk=
github.com/jessevdk/go-flags v1.4.0/go.mod h1:4FA24M0QyGHXBuZZK/XkWh8h0e1EYbRYJSGM75WSRxI=
github.com/pmezard/go-difflib v1.0.0 h1:Bht7XtQArL+XjQZ9/2ZUUJzagY1YDg6M6J19hsQpfRM=
github.com/pmezard/go-difflib v1.0.0/go.mod h1:iKH77koFhYxTK1pcRnkKkqfTogsbg7gZNVY4sRDYZ/4=
github.com/pressly/chi v1.0.0/go.mod h1:s/kslmeFE633XtTPvfX2olbs4ymzIHxGGXmEJ/AvPT8=
github.com/stretchr/testify v1.2.2 h1:UaKlbia6qqwFWRTFApZLxe8tqYMUVmkSVugfITL5bbw=
github.com/stretchr/testify v1.2.2/go.mod h1:a8OnRcib4nhh0OaRAV+Yts87kKdq0PP7pXfy6kDkUVs=
golang.org/x/net v0.0.0-20180719180050-a680a1efc54d/go.mod h1:mL1N/T3taQHkDXs73rZJwtUhF3w3ftmwwsq0BUmARs4=
