github.com/abarbarov/nabu/api v0.0.0-20180815154938-3e7866efd6ac/go.mod h1:v6EpuCCIYfg0g6d5p16MIvlHLaw2BH0jWIodGXa71ZI=
github.com/davecgh/go-spew v1.1.0/go.mod h1:J7Y8YcW2NihsgmVo/mv3lAwl/skON4iLHjSsI+c5H38=
github.com/go-chi/chi v0.0.0-20171222161133-e83ac2304db3 h1:DURPveqgvcsh5cJyNeaF6ZzJTErJ10BFLNmRgQTBTKU=
github.com/go-chi/chi v0.0.0-20171222161133-e83ac2304db3/go.mod h1:eB3wogJHnLi3x/kFX2A+IbTBlXxmMeXJVKy9tTv1XzQ=
github.com/go-chi/cors v1.0.0 h1:IYdYg5Cazqw7JCvBDjCCOJcKlTEQSvhIgfmI03odCoA=
github.com/go-chi/cors v1.0.0/go.mod h1:K2Yje0VW/SJzxiyMYu6iPQYa7hMjQX2i/F491VChg1I=
github.com/golang/protobuf v1.1.0 h1:8GbbaAD6CXBTULxlDTBo0TfxHsLQAP7MLcdBSvC2iNY=
github.com/golang/protobuf v1.1.0/go.mod h1:6lQm79b+lXiMfvg/cZm0SGofjICqVBUtrP5yJMmIC1U=
github.com/gorilla/websocket v1.2.0 h1:KtMQ+5/pAV2lpoxRgclSSwNy5myDRtqy81uIOz9OAB8=
github.com/gorilla/websocket v1.2.0/go.mod h1:E7qHFY5m1UJ88s3WnNqhKjPHQ0heANvMoAMk2YaljkQ=
github.com/improbable-eng/grpc-web v0.0.0-20180815125702-77c8f41aef54 h1:Ykg++c5oKDnsLAlUw0xw96W8W24l9xxyoRQyf4RBMtk=
github.com/improbable-eng/grpc-web v0.0.0-20180815125702-77c8f41aef54/go.mod h1:6hRR09jOEG81ADP5wCQju1z71g6OL4eEvELdran/3cs=
github.com/jessevdk/go-flags v1.4.0 h1:PUAES6uEkBs9vRwv0J1OyNCSXz+KVLXq5hDmojZWRAk=
github.com/jessevdk/go-flags v1.4.0/go.mod h1:4FA24M0QyGHXBuZZK/XkWh8h0e1EYbRYJSGM75WSRxI=
github.com/pmezard/go-difflib v1.0.0/go.mod h1:iKH77koFhYxTK1pcRnkKkqfTogsbg7gZNVY4sRDYZ/4=
github.com/pressly/chi v1.0.0/go.mod h1:s/kslmeFE633XtTPvfX2olbs4ymzIHxGGXmEJ/AvPT8=
github.com/rs/cors v1.5.0 h1:zJqg1Ll5iCwBqgt1f8/RRoVMcuxVPsXmMwGAQ09K72I=
github.com/rs/cors v1.5.0/go.mod h1:gFx+x8UowdsKA9AchylcLynDq+nNFfI8FkUZdN/jGCU=
github.com/stretchr/testify v1.2.2/go.mod h1:a8OnRcib4nhh0OaRAV+Yts87kKdq0PP7pXfy6kDkUVs=
golang.org/x/net v0.0.0-20180719180050-a680a1efc54d h1:i6RB+Qz1ug7TvJdY4zieRMpnLAtkHSHTOvApNXfLT4A=
golang.org/x/net v0.0.0-20180719180050-a680a1efc54d/go.mod h1:mL1N/T3taQHkDXs73rZJwtUhF3w3ftmwwsq0BUmARs4=
golang.org/x/text v0.3.0 h1:g61tztE5qeGQ89tm6NTjjM9VPIm088od1l6aSorWRWg=
golang.org/x/text v0.3.0/go.mod h1:NqM8EUOU14njkJ3fqMW+pc6Ldnwhi/IjpwHt7yyuwOQ=
google.golang.org/genproto v0.0.0-20180722052100-02b4e9547331 h1:x1wwM8W5/iNHW6fJCZ8B0Zn2Vzo7hZv/zRAnCwzT9PY=
google.golang.org/genproto v0.0.0-20180722052100-02b4e9547331/go.mod h1:JiN7NxoALGmiZfu7CAH4rXhgtRTLTxftemlI0sWmxmc=
google.golang.org/grpc v1.14.0 h1:4CoI4Ic1x0IgVjP09KVj2QG0C7WKFHAh1ZaACZzUgRE=
google.golang.org/grpc v1.14.0/go.mod h1:yo6s7OP7yaDglbqo1J04qKzAhqBH6lvTonzMVmEdcZw=
